{
    "compile": {
        "com.bmuschko:gradle-docker-plugin": {
            "locked": "2.0.3",
            "requested": "2.0.3"
        },
        "org.apache.commons:commons-lang3": {
            "locked": "3.1",
            "requested": "3.1"
        },
        "org.redline-rpm:redline": {
            "locked": "1.2.2",
            "requested": "1.2.2"
        },
        "org.vafer:jdeb": {
            "locked": "1.4",
            "requested": "1.4"
        }
    },
    "compileClasspath": {
        "com.bmuschko:gradle-docker-plugin": {
            "locked": "2.0.3",
            "requested": "2.0.3"
        },
        "org.apache.commons:commons-lang3": {
            "locked": "3.1",
            "requested": "3.1"
        },
        "org.redline-rpm:redline": {
            "locked": "1.2.2",
            "requested": "1.2.2"
        },
        "org.vafer:jdeb": {
            "locked": "1.4",
            "requested": "1.4"
        }
    },
    "compileOnly": {
        "com.bmuschko:gradle-docker-plugin": {
            "locked": "2.0.3",
            "requested": "2.0.3"
        },
        "org.apache.commons:commons-lang3": {
            "locked": "3.1",
            "requested": "3.1"
        },
        "org.redline-rpm:redline": {
            "locked": "1.2.2",
            "requested": "1.2.2"
        },
        "org.vafer:jdeb": {
            "locked": "1.4",
            "requested": "1.4"
        }
    },
    "default": {
        "com.bmuschko:gradle-docker-plugin": {
            "locked": "2.0.3",
            "requested": "2.0.3"
        },
        "org.apache.commons:commons-lang3": {
            "locked": "3.1",
            "requested": "3.1"
        },
        "org.redline-rpm:redline": {
            "locked": "1.2.2",
            "requested": "1.2.2"
        },
        "org.vafer:jdeb": {
            "locked": "1.4",
            "requested": "1.4"
        }
    },
    "jacocoAgent": {
        "org.jacoco:org.jacoco.agent": {
            "locked": "0.7.6.201602180812"
        }
    },
    "jacocoAnt": {
        "org.jacoco:org.jacoco.ant": {
            "locked": "0.7.6.201602180812"
        }
    },
    "runtime": {
        "com.bmuschko:gradle-docker-plugin": {
            "locked": "2.0.3",
            "requested": "2.0.3"
        },
        "org.apache.commons:commons-lang3": {
            "locked": "3.1",
            "requested": "3.1"
        },
        "org.redline-rpm:redline": {
            "locked": "1.2.2",
            "requested": "1.2.2"
        },
        "org.vafer:jdeb": {
            "locked": "1.4",
            "requested": "1.4"
        }
    },
    "testCompile": {
        "com.bmuschko:gradle-docker-plugin": {
            "locked": "2.0.3",
            "requested": "2.0.3"
        },
        "com.netflix.nebula:nebula-test": {
            "locked": "4.2.0",
            "requested": "4.2.0"
        },
        "org.apache.commons:commons-lang3": {
            "locked": "3.1",
            "requested": "3.1"
        },
        "org.redline-rpm:redline": {
            "locked": "1.2.2",
            "requested": "1.2.2"
        },
        "org.vafer:jdeb": {
            "locked": "1.4",
            "requested": "1.4"
        }
    },
    "testCompileClasspath": {
        "com.bmuschko:gradle-docker-plugin": {
            "locked": "2.0.3",
            "requested": "2.0.3"
        },
        "com.netflix.nebula:nebula-test": {
            "locked": "4.2.0",
            "requested": "4.2.0"
        },
        "org.apache.commons:commons-lang3": {
            "locked": "3.1",
            "requested": "3.1"
        },
        "org.redline-rpm:redline": {
            "locked": "1.2.2",
            "requested": "1.2.2"
        },
        "org.vafer:jdeb": {
            "locked": "1.4",
            "requested": "1.4"
        }
    },
    "testCompileOnly": {
        "com.bmuschko:gradle-docker-plugin": {
            "locked": "2.0.3",
            "requested": "2.0.3"
        },
        "com.netflix.nebula:nebula-test": {
            "locked": "4.2.0",
            "requested": "4.2.0"
        },
        "org.apache.commons:commons-lang3": {
            "locked": "3.1",
            "requested": "3.1"
        },
        "org.redline-rpm:redline": {
            "locked": "1.2.2",
            "requested": "1.2.2"
        },
        "org.vafer:jdeb": {
            "locked": "1.4",
            "requested": "1.4"
        }
    },
    "testRuntime": {
        "com.bmuschko:gradle-docker-plugin": {
            "locked": "2.0.3",
            "requested": "2.0.3"
        },
        "com.netflix.nebula:nebula-test": {
            "locked": "4.2.0",
            "requested": "4.2.0"
        },
        "org.apache.commons:commons-lang3": {
            "locked": "3.1",
            "requested": "3.1"
        },
        "org.redline-rpm:redline": {
            "locked": "1.2.2",
            "requested": "1.2.2"
        },
        "org.vafer:jdeb": {
            "locked": "1.4",
            "requested": "1.4"
        }
    }
}