{
    "compile": {
        "com.bmuschko:gradle-docker-plugin": {
            "locked": "3.2.1",
            "requested": "3.2.1"
        },
        "commons-io:commons-io": {
            "locked": "2.6",
            "transitive": [
                "org.vafer:jdeb"
            ]
        },
        "org.apache.ant:ant": {
            "locked": "1.10.6",
            "transitive": [
                "org.redline-rpm:redline",
                "org.vafer:jdeb"
            ]
        },
        "org.apache.ant:ant-launcher": {
            "locked": "1.10.6",
            "transitive": [
                "org.apache.ant:ant"
            ]
        },
        "org.apache.commons:commons-compress": {
            "locked": "1.18",
            "transitive": [
                "org.redline-rpm:redline",
                "org.vafer:jdeb"
            ]
        },
        "org.apache.commons:commons-lang3": {
            "locked": "3.1",
            "requested": "3.1"
        },
        "org.bouncycastle:bcpg-jdk15on": {
            "locked": "1.50",
            "transitive": [
                "org.redline-rpm:redline",
                "org.vafer:jdeb"
            ]
        },
        "org.bouncycastle:bcprov-jdk15on": {
            "locked": "1.50",
            "transitive": [
                "org.bouncycastle:bcpg-jdk15on"
            ]
        },
        "org.redline-rpm:redline": {
            "locked": "1.2.7",
            "requested": "1.2.7"
        },
        "org.slf4j:slf4j-api": {
            "locked": "1.7.5",
            "transitive": [
                "org.redline-rpm:redline"
            ]
        },
        "org.tukaani:xz": {
            "locked": "1.8",
            "transitive": [
                "org.redline-rpm:redline",
                "org.vafer:jdeb"
            ]
        },
        "org.vafer:jdeb": {
            "locked": "1.8",
            "requested": "1.8"
        }
    },
    "compileClasspath": {
        "com.bmuschko:gradle-docker-plugin": {
            "locked": "3.2.1",
            "requested": "3.2.1"
        },
        "commons-io:commons-io": {
            "locked": "2.6",
            "transitive": [
                "org.vafer:jdeb"
            ]
        },
        "org.apache.ant:ant": {
            "locked": "1.10.6",
            "transitive": [
                "org.redline-rpm:redline",
                "org.vafer:jdeb"
            ]
        },
        "org.apache.ant:ant-launcher": {
            "locked": "1.10.6",
            "transitive": [
                "org.apache.ant:ant"
            ]
        },
        "org.apache.commons:commons-compress": {
            "locked": "1.18",
            "transitive": [
                "org.redline-rpm:redline",
                "org.vafer:jdeb"
            ]
        },
        "org.apache.commons:commons-lang3": {
            "locked": "3.1",
            "requested": "3.1"
        },
        "org.bouncycastle:bcpg-jdk15on": {
            "locked": "1.50",
            "transitive": [
                "org.redline-rpm:redline",
                "org.vafer:jdeb"
            ]
        },
        "org.bouncycastle:bcprov-jdk15on": {
            "locked": "1.50",
            "transitive": [
                "org.bouncycastle:bcpg-jdk15on"
            ]
        },
        "org.redline-rpm:redline": {
            "locked": "1.2.7",
            "requested": "1.2.7"
        },
        "org.slf4j:slf4j-api": {
            "locked": "1.7.5",
            "transitive": [
                "org.redline-rpm:redline"
            ]
        },
        "org.tukaani:xz": {
            "locked": "1.8",
            "transitive": [
                "org.redline-rpm:redline",
                "org.vafer:jdeb"
            ]
        },
        "org.vafer:jdeb": {
            "locked": "1.8",
            "requested": "1.8"
        }
    },
    "default": {
        "com.bmuschko:gradle-docker-plugin": {
            "locked": "3.2.1",
            "requested": "3.2.1"
        },
        "commons-io:commons-io": {
            "locked": "2.6",
            "transitive": [
                "org.vafer:jdeb"
            ]
        },
        "org.apache.ant:ant": {
            "locked": "1.10.6",
            "transitive": [
                "org.redline-rpm:redline",
                "org.vafer:jdeb"
            ]
        },
        "org.apache.ant:ant-launcher": {
            "locked": "1.10.6",
            "transitive": [
                "org.apache.ant:ant"
            ]
        },
        "org.apache.commons:commons-compress": {
            "locked": "1.18",
            "transitive": [
                "org.redline-rpm:redline",
                "org.vafer:jdeb"
            ]
        },
        "org.apache.commons:commons-lang3": {
            "locked": "3.1",
            "requested": "3.1"
        },
        "org.bouncycastle:bcpg-jdk15on": {
            "locked": "1.50",
            "transitive": [
                "org.redline-rpm:redline",
                "org.vafer:jdeb"
            ]
        },
        "org.bouncycastle:bcprov-jdk15on": {
            "locked": "1.50",
            "transitive": [
                "org.bouncycastle:bcpg-jdk15on"
            ]
        },
        "org.redline-rpm:redline": {
            "locked": "1.2.7",
            "requested": "1.2.7"
        },
        "org.slf4j:slf4j-api": {
            "locked": "1.7.5",
            "transitive": [
                "org.redline-rpm:redline"
            ]
        },
        "org.tukaani:xz": {
            "locked": "1.8",
            "transitive": [
                "org.redline-rpm:redline",
                "org.vafer:jdeb"
            ]
        },
        "org.vafer:jdeb": {
            "locked": "1.8",
            "requested": "1.8"
        }
    },
    "integTestCompile": {
        "cglib:cglib-nodep": {
            "locked": "3.2.2",
            "transitive": [
                "com.netflix.nebula:nebula-test"
            ]
        },
        "com.bmuschko:gradle-docker-plugin": {
            "locked": "3.2.1",
            "requested": "3.2.1"
        },
        "com.google.guava:guava": {
            "locked": "19.0",
            "transitive": [
                "com.netflix.nebula:nebula-test"
            ]
        },
        "com.netflix.nebula:nebula-test": {
            "locked": "7.2.5",
            "requested": "7.+"
        },
        "commons-io:commons-io": {
            "locked": "2.6",
            "transitive": [
                "com.netflix.nebula:nebula-test",
                "org.vafer:jdeb"
            ]
        },
        "junit:junit": {
            "locked": "4.12",
            "transitive": [
                "org.spockframework:spock-core"
            ]
        },
        "org.apache.ant:ant": {
            "locked": "1.10.6",
            "transitive": [
                "org.redline-rpm:redline",
                "org.vafer:jdeb"
            ]
        },
        "org.apache.ant:ant-launcher": {
            "locked": "1.10.6",
            "transitive": [
                "org.apache.ant:ant"
            ]
        },
        "org.apache.commons:commons-compress": {
            "locked": "1.18",
            "transitive": [
                "org.redline-rpm:redline",
                "org.vafer:jdeb"
            ]
        },
        "org.apache.commons:commons-lang3": {
            "locked": "3.1",
            "requested": "3.1"
        },
        "org.bouncycastle:bcpg-jdk15on": {
            "locked": "1.50",
            "transitive": [
                "org.redline-rpm:redline",
                "org.vafer:jdeb"
            ]
        },
        "org.bouncycastle:bcprov-jdk15on": {
            "locked": "1.50",
            "transitive": [
                "org.bouncycastle:bcpg-jdk15on"
            ]
        },
        "org.hamcrest:hamcrest-core": {
            "locked": "1.3",
            "transitive": [
                "junit:junit"
            ]
        },
        "org.objenesis:objenesis": {
            "locked": "2.4",
            "transitive": [
                "com.netflix.nebula:nebula-test"
            ]
        },
        "org.redline-rpm:redline": {
            "locked": "1.2.7",
            "requested": "1.2.7"
        },
        "org.slf4j:slf4j-api": {
            "locked": "1.7.5",
            "transitive": [
                "org.redline-rpm:redline"
            ]
        },
        "org.spockframework:spock-core": {
            "locked": "1.1-groovy-2.4-rc-4",
            "transitive": [
                "com.netflix.nebula:nebula-test"
            ]
        },
        "org.tukaani:xz": {
            "locked": "1.8",
            "transitive": [
                "org.redline-rpm:redline",
                "org.vafer:jdeb"
            ]
        },
        "org.vafer:jdeb": {
            "locked": "1.8",
            "requested": "1.8"
        }
    },
    "integTestCompileClasspath": {
        "cglib:cglib-nodep": {
            "locked": "3.2.2",
            "transitive": [
                "com.netflix.nebula:nebula-test"
            ]
        },
        "com.bmuschko:gradle-docker-plugin": {
            "locked": "3.2.1",
            "requested": "3.2.1"
        },
        "com.google.guava:guava": {
            "locked": "19.0",
            "transitive": [
                "com.netflix.nebula:nebula-test"
            ]
        },
        "com.netflix.nebula:nebula-test": {
            "locked": "7.2.5",
            "requested": "7.+"
        },
        "commons-io:commons-io": {
            "locked": "2.6",
            "transitive": [
                "com.netflix.nebula:nebula-test",
                "org.vafer:jdeb"
            ]
        },
        "junit:junit": {
            "locked": "4.12",
            "transitive": [
                "org.spockframework:spock-core"
            ]
        },
        "org.apache.ant:ant": {
            "locked": "1.10.6",
            "transitive": [
                "org.redline-rpm:redline",
                "org.vafer:jdeb"
            ]
        },
        "org.apache.ant:ant-launcher": {
            "locked": "1.10.6",
            "transitive": [
                "org.apache.ant:ant"
            ]
        },
        "org.apache.commons:commons-compress": {
            "locked": "1.18",
            "transitive": [
                "org.redline-rpm:redline",
                "org.vafer:jdeb"
            ]
        },
        "org.apache.commons:commons-lang3": {
            "locked": "3.1",
            "requested": "3.1"
        },
        "org.bouncycastle:bcpg-jdk15on": {
            "locked": "1.50",
            "transitive": [
                "org.redline-rpm:redline",
                "org.vafer:jdeb"
            ]
        },
        "org.bouncycastle:bcprov-jdk15on": {
            "locked": "1.50",
            "transitive": [
                "org.bouncycastle:bcpg-jdk15on"
            ]
        },
        "org.hamcrest:hamcrest-core": {
            "locked": "1.3",
            "transitive": [
                "junit:junit"
            ]
        },
        "org.objenesis:objenesis": {
            "locked": "2.4",
            "transitive": [
                "com.netflix.nebula:nebula-test"
            ]
        },
        "org.redline-rpm:redline": {
            "locked": "1.2.7",
            "requested": "1.2.7"
        },
        "org.slf4j:slf4j-api": {
            "locked": "1.7.5",
            "transitive": [
                "org.redline-rpm:redline"
            ]
        },
        "org.spockframework:spock-core": {
            "locked": "1.1-groovy-2.4-rc-4",
            "transitive": [
                "com.netflix.nebula:nebula-test"
            ]
        },
        "org.tukaani:xz": {
            "locked": "1.8",
            "transitive": [
                "org.redline-rpm:redline",
                "org.vafer:jdeb"
            ]
        },
        "org.vafer:jdeb": {
            "locked": "1.8",
            "requested": "1.8"
        }
    },
    "integTestRuntime": {
        "cglib:cglib-nodep": {
            "locked": "3.2.2",
            "transitive": [
                "com.netflix.nebula:nebula-test"
            ]
        },
        "com.bmuschko:gradle-docker-plugin": {
            "locked": "3.2.1",
            "requested": "3.2.1"
        },
        "com.google.guava:guava": {
            "locked": "19.0",
            "transitive": [
                "com.netflix.nebula:nebula-test"
            ]
        },
        "com.netflix.nebula:nebula-test": {
            "locked": "7.2.5",
            "requested": "7.+"
        },
        "commons-io:commons-io": {
            "locked": "2.6",
            "transitive": [
                "com.netflix.nebula:nebula-test",
                "org.vafer:jdeb"
            ]
        },
        "junit:junit": {
            "locked": "4.12",
            "transitive": [
                "org.spockframework:spock-core"
            ]
        },
        "org.apache.ant:ant": {
            "locked": "1.10.6",
            "transitive": [
                "org.redline-rpm:redline",
                "org.vafer:jdeb"
            ]
        },
        "org.apache.ant:ant-launcher": {
            "locked": "1.10.6",
            "transitive": [
                "org.apache.ant:ant"
            ]
        },
        "org.apache.commons:commons-compress": {
            "locked": "1.18",
            "transitive": [
                "org.redline-rpm:redline",
                "org.vafer:jdeb"
            ]
        },
        "org.apache.commons:commons-lang3": {
            "locked": "3.1",
            "requested": "3.1"
        },
        "org.bouncycastle:bcpg-jdk15on": {
            "locked": "1.50",
            "transitive": [
                "org.redline-rpm:redline",
                "org.vafer:jdeb"
            ]
        },
        "org.bouncycastle:bcprov-jdk15on": {
            "locked": "1.50",
            "transitive": [
                "org.bouncycastle:bcpg-jdk15on"
            ]
        },
        "org.hamcrest:hamcrest-core": {
            "locked": "1.3",
            "transitive": [
                "junit:junit"
            ]
        },
        "org.objenesis:objenesis": {
            "locked": "2.4",
            "transitive": [
                "com.netflix.nebula:nebula-test"
            ]
        },
        "org.redline-rpm:redline": {
            "locked": "1.2.7",
            "requested": "1.2.7"
        },
        "org.slf4j:slf4j-api": {
            "locked": "1.7.5",
            "transitive": [
                "org.redline-rpm:redline"
            ]
        },
        "org.spockframework:spock-core": {
            "locked": "1.1-groovy-2.4-rc-4",
            "transitive": [
                "com.netflix.nebula:nebula-test"
            ]
        },
        "org.tukaani:xz": {
            "locked": "1.8",
            "transitive": [
                "org.redline-rpm:redline",
                "org.vafer:jdeb"
            ]
        },
        "org.vafer:jdeb": {
            "locked": "1.8",
            "requested": "1.8"
        }
    },
    "integTestRuntimeClasspath": {
        "cglib:cglib-nodep": {
            "locked": "3.2.2",
            "transitive": [
                "com.netflix.nebula:nebula-test"
            ]
        },
        "com.bmuschko:gradle-docker-plugin": {
            "locked": "3.2.1",
            "requested": "3.2.1"
        },
        "com.google.guava:guava": {
            "locked": "19.0",
            "transitive": [
                "com.netflix.nebula:nebula-test"
            ]
        },
        "com.netflix.nebula:nebula-test": {
            "locked": "7.2.5",
            "requested": "7.+"
        },
        "commons-io:commons-io": {
            "locked": "2.6",
            "transitive": [
                "com.netflix.nebula:nebula-test",
                "org.vafer:jdeb"
            ]
        },
        "junit:junit": {
            "locked": "4.12",
            "transitive": [
                "org.spockframework:spock-core"
            ]
        },
        "org.apache.ant:ant": {
            "locked": "1.10.6",
            "transitive": [
                "org.redline-rpm:redline",
                "org.vafer:jdeb"
            ]
        },
        "org.apache.ant:ant-launcher": {
            "locked": "1.10.6",
            "transitive": [
                "org.apache.ant:ant"
            ]
        },
        "org.apache.commons:commons-compress": {
            "locked": "1.18",
            "transitive": [
                "org.redline-rpm:redline",
                "org.vafer:jdeb"
            ]
        },
        "org.apache.commons:commons-lang3": {
            "locked": "3.1",
            "requested": "3.1"
        },
        "org.bouncycastle:bcpg-jdk15on": {
            "locked": "1.50",
            "transitive": [
                "org.redline-rpm:redline",
                "org.vafer:jdeb"
            ]
        },
        "org.bouncycastle:bcprov-jdk15on": {
            "locked": "1.50",
            "transitive": [
                "org.bouncycastle:bcpg-jdk15on"
            ]
        },
        "org.hamcrest:hamcrest-core": {
            "locked": "1.3",
            "transitive": [
                "junit:junit"
            ]
        },
        "org.objenesis:objenesis": {
            "locked": "2.4",
            "transitive": [
                "com.netflix.nebula:nebula-test"
            ]
        },
        "org.redline-rpm:redline": {
            "locked": "1.2.7",
            "requested": "1.2.7"
        },
        "org.slf4j:slf4j-api": {
            "locked": "1.7.5",
            "transitive": [
                "org.redline-rpm:redline"
            ]
        },
        "org.spockframework:spock-core": {
            "locked": "1.1-groovy-2.4-rc-4",
            "transitive": [
                "com.netflix.nebula:nebula-test"
            ]
        },
        "org.tukaani:xz": {
            "locked": "1.8",
            "transitive": [
                "org.redline-rpm:redline",
                "org.vafer:jdeb"
            ]
        },
        "org.vafer:jdeb": {
            "locked": "1.8",
            "requested": "1.8"
        }
    },
    "jacocoAgent": {
        "org.jacoco:org.jacoco.agent": {
            "locked": "0.8.4"
        }
    },
    "jacocoAnt": {
        "org.jacoco:org.jacoco.agent": {
            "locked": "0.8.4",
            "transitive": [
                "org.jacoco:org.jacoco.ant"
            ]
        },
        "org.jacoco:org.jacoco.ant": {
            "locked": "0.8.4"
        },
        "org.jacoco:org.jacoco.core": {
            "locked": "0.8.4",
            "transitive": [
                "org.jacoco:org.jacoco.ant",
                "org.jacoco:org.jacoco.report"
            ]
        },
        "org.jacoco:org.jacoco.report": {
            "locked": "0.8.4",
            "transitive": [
                "org.jacoco:org.jacoco.ant"
            ]
        },
        "org.ow2.asm:asm": {
            "locked": "7.1",
            "transitive": [
                "org.jacoco:org.jacoco.core",
                "org.ow2.asm:asm-commons",
                "org.ow2.asm:asm-tree"
            ]
        },
        "org.ow2.asm:asm-analysis": {
            "locked": "7.1",
            "transitive": [
                "org.ow2.asm:asm-commons"
            ]
        },
        "org.ow2.asm:asm-commons": {
            "locked": "7.1",
            "transitive": [
                "org.jacoco:org.jacoco.core"
            ]
        },
        "org.ow2.asm:asm-tree": {
            "locked": "7.1",
            "transitive": [
                "org.jacoco:org.jacoco.core",
                "org.ow2.asm:asm-analysis",
                "org.ow2.asm:asm-commons"
            ]
        }
    },
    "runtime": {
        "com.bmuschko:gradle-docker-plugin": {
            "locked": "3.2.1",
            "requested": "3.2.1"
        },
        "commons-io:commons-io": {
            "locked": "2.6",
            "transitive": [
                "org.vafer:jdeb"
            ]
        },
        "org.apache.ant:ant": {
            "locked": "1.10.6",
            "transitive": [
                "org.redline-rpm:redline",
                "org.vafer:jdeb"
            ]
        },
        "org.apache.ant:ant-launcher": {
            "locked": "1.10.6",
            "transitive": [
                "org.apache.ant:ant"
            ]
        },
        "org.apache.commons:commons-compress": {
            "locked": "1.18",
            "transitive": [
                "org.redline-rpm:redline",
                "org.vafer:jdeb"
            ]
        },
        "org.apache.commons:commons-lang3": {
            "locked": "3.1",
            "requested": "3.1"
        },
        "org.bouncycastle:bcpg-jdk15on": {
            "locked": "1.50",
            "transitive": [
                "org.redline-rpm:redline",
                "org.vafer:jdeb"
            ]
        },
        "org.bouncycastle:bcprov-jdk15on": {
            "locked": "1.50",
            "transitive": [
                "org.bouncycastle:bcpg-jdk15on"
            ]
        },
        "org.redline-rpm:redline": {
            "locked": "1.2.7",
            "requested": "1.2.7"
        },
        "org.slf4j:slf4j-api": {
            "locked": "1.7.5",
            "transitive": [
                "org.redline-rpm:redline"
            ]
        },
        "org.tukaani:xz": {
            "locked": "1.8",
            "transitive": [
                "org.redline-rpm:redline",
                "org.vafer:jdeb"
            ]
        },
        "org.vafer:jdeb": {
            "locked": "1.8",
            "requested": "1.8"
        }
    },
    "runtimeClasspath": {
        "com.bmuschko:gradle-docker-plugin": {
            "locked": "3.2.1",
            "requested": "3.2.1"
        },
        "commons-io:commons-io": {
            "locked": "2.6",
            "transitive": [
                "org.vafer:jdeb"
            ]
        },
        "org.apache.ant:ant": {
            "locked": "1.10.6",
            "transitive": [
                "org.redline-rpm:redline",
                "org.vafer:jdeb"
            ]
        },
        "org.apache.ant:ant-launcher": {
            "locked": "1.10.6",
            "transitive": [
                "org.apache.ant:ant"
            ]
        },
        "org.apache.commons:commons-compress": {
            "locked": "1.18",
            "transitive": [
                "org.redline-rpm:redline",
                "org.vafer:jdeb"
            ]
        },
        "org.apache.commons:commons-lang3": {
            "locked": "3.1",
            "requested": "3.1"
        },
        "org.bouncycastle:bcpg-jdk15on": {
            "locked": "1.50",
            "transitive": [
                "org.redline-rpm:redline",
                "org.vafer:jdeb"
            ]
        },
        "org.bouncycastle:bcprov-jdk15on": {
            "locked": "1.50",
            "transitive": [
                "org.bouncycastle:bcpg-jdk15on"
            ]
        },
        "org.redline-rpm:redline": {
            "locked": "1.2.7",
            "requested": "1.2.7"
        },
        "org.slf4j:slf4j-api": {
            "locked": "1.7.5",
            "transitive": [
                "org.redline-rpm:redline"
            ]
        },
        "org.tukaani:xz": {
            "locked": "1.8",
            "transitive": [
                "org.redline-rpm:redline",
                "org.vafer:jdeb"
            ]
        },
        "org.vafer:jdeb": {
            "locked": "1.8",
            "requested": "1.8"
        }
    },
    "testCompile": {
        "cglib:cglib-nodep": {
            "locked": "3.2.2",
            "transitive": [
                "com.netflix.nebula:nebula-test"
            ]
        },
        "com.bmuschko:gradle-docker-plugin": {
            "locked": "3.2.1",
            "requested": "3.2.1"
        },
        "com.google.guava:guava": {
            "locked": "19.0",
            "transitive": [
                "com.netflix.nebula:nebula-test"
            ]
        },
        "com.netflix.nebula:nebula-test": {
            "locked": "7.2.5",
            "requested": "7.+"
        },
        "commons-io:commons-io": {
            "locked": "2.6",
            "transitive": [
                "com.netflix.nebula:nebula-test",
                "org.vafer:jdeb"
            ]
        },
        "junit:junit": {
            "locked": "4.12",
            "transitive": [
                "org.spockframework:spock-core"
            ]
        },
        "org.apache.ant:ant": {
            "locked": "1.10.6",
            "transitive": [
                "org.redline-rpm:redline",
                "org.vafer:jdeb"
            ]
        },
        "org.apache.ant:ant-launcher": {
            "locked": "1.10.6",
            "transitive": [
                "org.apache.ant:ant"
            ]
        },
        "org.apache.commons:commons-compress": {
            "locked": "1.18",
            "transitive": [
                "org.redline-rpm:redline",
                "org.vafer:jdeb"
            ]
        },
        "org.apache.commons:commons-lang3": {
            "locked": "3.1",
            "requested": "3.1"
        },
        "org.bouncycastle:bcpg-jdk15on": {
            "locked": "1.50",
            "transitive": [
                "org.redline-rpm:redline",
                "org.vafer:jdeb"
            ]
        },
        "org.bouncycastle:bcprov-jdk15on": {
            "locked": "1.50",
            "transitive": [
                "org.bouncycastle:bcpg-jdk15on"
            ]
        },
        "org.hamcrest:hamcrest-core": {
            "locked": "1.3",
            "transitive": [
                "junit:junit"
            ]
        },
        "org.objenesis:objenesis": {
            "locked": "2.4",
            "transitive": [
                "com.netflix.nebula:nebula-test"
            ]
        },
        "org.redline-rpm:redline": {
            "locked": "1.2.7",
            "requested": "1.2.7"
        },
        "org.slf4j:slf4j-api": {
            "locked": "1.7.5",
            "transitive": [
                "org.redline-rpm:redline"
            ]
        },
        "org.spockframework:spock-core": {
            "locked": "1.1-groovy-2.4-rc-4",
            "transitive": [
                "com.netflix.nebula:nebula-test"
            ]
        },
        "org.tukaani:xz": {
            "locked": "1.8",
            "transitive": [
                "org.redline-rpm:redline",
                "org.vafer:jdeb"
            ]
        },
        "org.vafer:jdeb": {
            "locked": "1.8",
            "requested": "1.8"
        }
    },
    "testCompileClasspath": {
        "cglib:cglib-nodep": {
            "locked": "3.2.2",
            "transitive": [
                "com.netflix.nebula:nebula-test"
            ]
        },
        "com.bmuschko:gradle-docker-plugin": {
            "locked": "3.2.1",
            "requested": "3.2.1"
        },
        "com.google.guava:guava": {
            "locked": "19.0",
            "transitive": [
                "com.netflix.nebula:nebula-test"
            ]
        },
        "com.netflix.nebula:nebula-test": {
            "locked": "7.2.5",
            "requested": "7.+"
        },
        "commons-io:commons-io": {
            "locked": "2.6",
            "transitive": [
                "com.netflix.nebula:nebula-test",
                "org.vafer:jdeb"
            ]
        },
        "junit:junit": {
            "locked": "4.12",
            "transitive": [
                "org.spockframework:spock-core"
            ]
        },
        "org.apache.ant:ant": {
            "locked": "1.10.6",
            "transitive": [
                "org.redline-rpm:redline",
                "org.vafer:jdeb"
            ]
        },
        "org.apache.ant:ant-launcher": {
            "locked": "1.10.6",
            "transitive": [
                "org.apache.ant:ant"
            ]
        },
        "org.apache.commons:commons-compress": {
            "locked": "1.18",
            "transitive": [
                "org.redline-rpm:redline",
                "org.vafer:jdeb"
            ]
        },
        "org.apache.commons:commons-lang3": {
            "locked": "3.1",
            "requested": "3.1"
        },
        "org.bouncycastle:bcpg-jdk15on": {
            "locked": "1.50",
            "transitive": [
                "org.redline-rpm:redline",
                "org.vafer:jdeb"
            ]
        },
        "org.bouncycastle:bcprov-jdk15on": {
            "locked": "1.50",
            "transitive": [
                "org.bouncycastle:bcpg-jdk15on"
            ]
        },
        "org.hamcrest:hamcrest-core": {
            "locked": "1.3",
            "transitive": [
                "junit:junit"
            ]
        },
        "org.objenesis:objenesis": {
            "locked": "2.4",
            "transitive": [
                "com.netflix.nebula:nebula-test"
            ]
        },
        "org.redline-rpm:redline": {
            "locked": "1.2.7",
            "requested": "1.2.7"
        },
        "org.slf4j:slf4j-api": {
            "locked": "1.7.5",
            "transitive": [
                "org.redline-rpm:redline"
            ]
        },
        "org.spockframework:spock-core": {
            "locked": "1.1-groovy-2.4-rc-4",
            "transitive": [
                "com.netflix.nebula:nebula-test"
            ]
        },
        "org.tukaani:xz": {
            "locked": "1.8",
            "transitive": [
                "org.redline-rpm:redline",
                "org.vafer:jdeb"
            ]
        },
        "org.vafer:jdeb": {
            "locked": "1.8",
            "requested": "1.8"
        }
    },
    "testRuntime": {
        "cglib:cglib-nodep": {
            "locked": "3.2.2",
            "transitive": [
                "com.netflix.nebula:nebula-test"
            ]
        },
        "com.bmuschko:gradle-docker-plugin": {
            "locked": "3.2.1",
            "requested": "3.2.1"
        },
        "com.google.guava:guava": {
            "locked": "19.0",
            "transitive": [
                "com.netflix.nebula:nebula-test"
            ]
        },
        "com.netflix.nebula:nebula-test": {
            "locked": "7.2.5",
            "requested": "7.+"
        },
        "commons-io:commons-io": {
            "locked": "2.6",
            "transitive": [
                "com.netflix.nebula:nebula-test",
                "org.vafer:jdeb"
            ]
        },
        "junit:junit": {
            "locked": "4.12",
            "transitive": [
                "org.spockframework:spock-core"
            ]
        },
        "org.apache.ant:ant": {
            "locked": "1.10.6",
            "transitive": [
                "org.redline-rpm:redline",
                "org.vafer:jdeb"
            ]
        },
        "org.apache.ant:ant-launcher": {
            "locked": "1.10.6",
            "transitive": [
                "org.apache.ant:ant"
            ]
        },
        "org.apache.commons:commons-compress": {
            "locked": "1.18",
            "transitive": [
                "org.redline-rpm:redline",
                "org.vafer:jdeb"
            ]
        },
        "org.apache.commons:commons-lang3": {
            "locked": "3.1",
            "requested": "3.1"
        },
        "org.bouncycastle:bcpg-jdk15on": {
            "locked": "1.50",
            "transitive": [
                "org.redline-rpm:redline",
                "org.vafer:jdeb"
            ]
        },
        "org.bouncycastle:bcprov-jdk15on": {
            "locked": "1.50",
            "transitive": [
                "org.bouncycastle:bcpg-jdk15on"
            ]
        },
        "org.hamcrest:hamcrest-core": {
            "locked": "1.3",
            "transitive": [
                "junit:junit"
            ]
        },
        "org.objenesis:objenesis": {
            "locked": "2.4",
            "transitive": [
                "com.netflix.nebula:nebula-test"
            ]
        },
        "org.redline-rpm:redline": {
            "locked": "1.2.7",
            "requested": "1.2.7"
        },
        "org.slf4j:slf4j-api": {
            "locked": "1.7.5",
            "transitive": [
                "org.redline-rpm:redline"
            ]
        },
        "org.spockframework:spock-core": {
            "locked": "1.1-groovy-2.4-rc-4",
            "transitive": [
                "com.netflix.nebula:nebula-test"
            ]
        },
        "org.tukaani:xz": {
            "locked": "1.8",
            "transitive": [
                "org.redline-rpm:redline",
                "org.vafer:jdeb"
            ]
        },
        "org.vafer:jdeb": {
            "locked": "1.8",
            "requested": "1.8"
        }
    },
    "testRuntimeClasspath": {
        "cglib:cglib-nodep": {
            "locked": "3.2.2",
            "transitive": [
                "com.netflix.nebula:nebula-test"
            ]
        },
        "com.bmuschko:gradle-docker-plugin": {
            "locked": "3.2.1",
            "requested": "3.2.1"
        },
        "com.google.guava:guava": {
            "locked": "19.0",
            "transitive": [
                "com.netflix.nebula:nebula-test"
            ]
        },
        "com.netflix.nebula:nebula-test": {
            "locked": "7.2.5",
            "requested": "7.+"
        },
        "commons-io:commons-io": {
            "locked": "2.6",
            "transitive": [
                "com.netflix.nebula:nebula-test",
                "org.vafer:jdeb"
            ]
        },
        "junit:junit": {
            "locked": "4.12",
            "transitive": [
                "org.spockframework:spock-core"
            ]
        },
        "org.apache.ant:ant": {
            "locked": "1.10.6",
            "transitive": [
                "org.redline-rpm:redline",
                "org.vafer:jdeb"
            ]
        },
        "org.apache.ant:ant-launcher": {
            "locked": "1.10.6",
            "transitive": [
                "org.apache.ant:ant"
            ]
        },
        "org.apache.commons:commons-compress": {
            "locked": "1.18",
            "transitive": [
                "org.redline-rpm:redline",
                "org.vafer:jdeb"
            ]
        },
        "org.apache.commons:commons-lang3": {
            "locked": "3.1",
            "requested": "3.1"
        },
        "org.bouncycastle:bcpg-jdk15on": {
            "locked": "1.50",
            "transitive": [
                "org.redline-rpm:redline",
                "org.vafer:jdeb"
            ]
        },
        "org.bouncycastle:bcprov-jdk15on": {
            "locked": "1.50",
            "transitive": [
                "org.bouncycastle:bcpg-jdk15on"
            ]
        },
        "org.hamcrest:hamcrest-core": {
            "locked": "1.3",
            "transitive": [
                "junit:junit"
            ]
        },
        "org.objenesis:objenesis": {
            "locked": "2.4",
            "transitive": [
                "com.netflix.nebula:nebula-test"
            ]
        },
        "org.redline-rpm:redline": {
            "locked": "1.2.7",
            "requested": "1.2.7"
        },
        "org.slf4j:slf4j-api": {
            "locked": "1.7.5",
            "transitive": [
                "org.redline-rpm:redline"
            ]
        },
        "org.spockframework:spock-core": {
            "locked": "1.1-groovy-2.4-rc-4",
            "transitive": [
                "com.netflix.nebula:nebula-test"
            ]
        },
        "org.tukaani:xz": {
            "locked": "1.8",
            "transitive": [
                "org.redline-rpm:redline",
                "org.vafer:jdeb"
            ]
        },
        "org.vafer:jdeb": {
            "locked": "1.8",
            "requested": "1.8"
        }
    }
}