{
    "compile": {
        "com.bmuschko:gradle-docker-plugin": {
            "locked": "3.2.1",
            "requested": "3.2.1"
        },
        "org.apache.commons:commons-lang3": {
            "locked": "3.1",
            "requested": "3.1"
        },
        "org.redline-rpm:redline": {
            "locked": "1.2.7",
            "requested": "1.2.7"
        },
        "org.vafer:jdeb": {
            "locked": "1.8",
            "requested": "1.8"
        }
    },
    "compileClasspath": {
        "com.bmuschko:gradle-docker-plugin": {
            "locked": "3.2.1",
            "requested": "3.2.1"
        },
        "org.apache.commons:commons-lang3": {
            "locked": "3.1",
            "requested": "3.1"
        },
        "org.redline-rpm:redline": {
            "locked": "1.2.7",
            "requested": "1.2.7"
        },
        "org.vafer:jdeb": {
            "locked": "1.8",
            "requested": "1.8"
        }
    },
    "default": {
        "com.bmuschko:gradle-docker-plugin": {
            "locked": "3.2.1",
            "requested": "3.2.1"
        },
        "org.apache.commons:commons-lang3": {
            "locked": "3.1",
            "requested": "3.1"
        },
        "org.redline-rpm:redline": {
            "locked": "1.2.7",
            "requested": "1.2.7"
        },
        "org.vafer:jdeb": {
            "locked": "1.8",
            "requested": "1.8"
        }
    },
    "integTestCompile": {
        "com.bmuschko:gradle-docker-plugin": {
            "locked": "3.2.1",
            "requested": "3.2.1"
        },
        "com.netflix.nebula:nebula-test": {
            "locked": "7.2.5",
            "requested": "7.+"
        },
        "org.apache.commons:commons-lang3": {
            "locked": "3.1",
            "requested": "3.1"
        },
        "org.redline-rpm:redline": {
            "locked": "1.2.7",
            "requested": "1.2.7"
        },
        "org.vafer:jdeb": {
            "locked": "1.8",
            "requested": "1.8"
        }
    },
    "integTestCompileClasspath": {
        "com.bmuschko:gradle-docker-plugin": {
            "locked": "3.2.1",
            "requested": "3.2.1"
        },
        "com.netflix.nebula:nebula-test": {
            "locked": "7.2.5",
            "requested": "7.+"
        },
        "org.apache.commons:commons-lang3": {
            "locked": "3.1",
            "requested": "3.1"
        },
        "org.redline-rpm:redline": {
            "locked": "1.2.7",
            "requested": "1.2.7"
        },
        "org.vafer:jdeb": {
            "locked": "1.8",
            "requested": "1.8"
        }
    },
    "integTestRuntime": {
        "com.bmuschko:gradle-docker-plugin": {
            "locked": "3.2.1",
            "requested": "3.2.1"
        },
        "com.netflix.nebula:nebula-test": {
            "locked": "7.2.5",
            "requested": "7.+"
        },
        "org.apache.commons:commons-lang3": {
            "locked": "3.1",
            "requested": "3.1"
        },
        "org.redline-rpm:redline": {
            "locked": "1.2.7",
            "requested": "1.2.7"
        },
        "org.vafer:jdeb": {
            "locked": "1.8",
            "requested": "1.8"
        }
    },
    "integTestRuntimeClasspath": {
        "com.bmuschko:gradle-docker-plugin": {
            "locked": "3.2.1",
            "requested": "3.2.1"
        },
        "com.netflix.nebula:nebula-test": {
            "locked": "7.2.5",
            "requested": "7.+"
        },
        "org.apache.commons:commons-lang3": {
            "locked": "3.1",
            "requested": "3.1"
        },
        "org.redline-rpm:redline": {
            "locked": "1.2.7",
            "requested": "1.2.7"
        },
        "org.vafer:jdeb": {
            "locked": "1.8",
            "requested": "1.8"
        }
    },
    "jacocoAgent": {
        "org.jacoco:org.jacoco.agent": {
            "locked": "0.8.4"
        }
    },
    "jacocoAnt": {
        "org.jacoco:org.jacoco.ant": {
            "locked": "0.8.4"
        }
    },
    "runtime": {
        "com.bmuschko:gradle-docker-plugin": {
            "locked": "3.2.1",
            "requested": "3.2.1"
        },
        "org.apache.commons:commons-lang3": {
            "locked": "3.1",
            "requested": "3.1"
        },
        "org.redline-rpm:redline": {
            "locked": "1.2.7",
            "requested": "1.2.7"
        },
        "org.vafer:jdeb": {
            "locked": "1.8",
            "requested": "1.8"
        }
    },
    "runtimeClasspath": {
        "com.bmuschko:gradle-docker-plugin": {
            "locked": "3.2.1",
            "requested": "3.2.1"
        },
        "org.apache.commons:commons-lang3": {
            "locked": "3.1",
            "requested": "3.1"
        },
        "org.redline-rpm:redline": {
            "locked": "1.2.7",
            "requested": "1.2.7"
        },
        "org.vafer:jdeb": {
            "locked": "1.8",
            "requested": "1.8"
        }
    },
    "testCompile": {
        "com.bmuschko:gradle-docker-plugin": {
            "locked": "3.2.1",
            "requested": "3.2.1"
        },
        "com.netflix.nebula:nebula-test": {
            "locked": "7.2.5",
            "requested": "7.+"
        },
        "org.apache.commons:commons-lang3": {
            "locked": "3.1",
            "requested": "3.1"
        },
        "org.redline-rpm:redline": {
            "locked": "1.2.7",
            "requested": "1.2.7"
        },
        "org.vafer:jdeb": {
            "locked": "1.8",
            "requested": "1.8"
        }
    },
    "testCompileClasspath": {
        "com.bmuschko:gradle-docker-plugin": {
            "locked": "3.2.1",
            "requested": "3.2.1"
        },
        "com.netflix.nebula:nebula-test": {
            "locked": "7.2.5",
            "requested": "7.+"
        },
        "org.apache.commons:commons-lang3": {
            "locked": "3.1",
            "requested": "3.1"
        },
        "org.redline-rpm:redline": {
            "locked": "1.2.7",
            "requested": "1.2.7"
        },
        "org.vafer:jdeb": {
            "locked": "1.8",
            "requested": "1.8"
        }
    },
    "testRuntime": {
        "com.bmuschko:gradle-docker-plugin": {
            "locked": "3.2.1",
            "requested": "3.2.1"
        },
        "com.netflix.nebula:nebula-test": {
            "locked": "7.2.5",
            "requested": "7.+"
        },
        "org.apache.commons:commons-lang3": {
            "locked": "3.1",
            "requested": "3.1"
        },
        "org.redline-rpm:redline": {
            "locked": "1.2.7",
            "requested": "1.2.7"
        },
        "org.vafer:jdeb": {
            "locked": "1.8",
            "requested": "1.8"
        }
    },
    "testRuntimeClasspath": {
        "com.bmuschko:gradle-docker-plugin": {
            "locked": "3.2.1",
            "requested": "3.2.1"
        },
        "com.netflix.nebula:nebula-test": {
            "locked": "7.2.5",
            "requested": "7.+"
        },
        "org.apache.commons:commons-lang3": {
            "locked": "3.1",
            "requested": "3.1"
        },
        "org.redline-rpm:redline": {
            "locked": "1.2.7",
            "requested": "1.2.7"
        },
        "org.vafer:jdeb": {
            "locked": "1.8",
            "requested": "1.8"
        }
    }
}