# This is a Gradle generated file for dependency locking.
# Manual edits can break the build and are not advised.
# This file is expected to be part of source control.
cglib:cglib-nodep:3.2.2=integTestRuntimeClasspath,testRuntimeClasspath
com.bmuschko:gradle-docker-plugin:3.2.1=compileClasspath,integTestCompileClasspath,integTestRuntimeClasspath,runtimeClasspath,testCompileClasspath,testRuntimeClasspath
com.github.stefanbirkner:system-rules:1.19.0=integTestCompileClasspath,integTestRuntimeClasspath,testCompileClasspath,testRuntimeClasspath
com.netflix.nebula:nebula-test:10.0.1=integTestCompileClasspath,integTestRuntimeClasspath,testCompileClasspath,testRuntimeClasspath
commons-io:commons-io:2.6=compileClasspath,integTestCompileClasspath,integTestRuntimeClasspath,runtimeClasspath,testCompileClasspath,testRuntimeClasspath
junit:junit-dep:4.11=integTestCompileClasspath,integTestRuntimeClasspath,testCompileClasspath,testRuntimeClasspath
junit:junit:4.13=integTestCompileClasspath,integTestRuntimeClasspath,testCompileClasspath,testRuntimeClasspath
org.apache.ant:ant-launcher:1.10.11=compileClasspath,integTestCompileClasspath,integTestRuntimeClasspath,runtimeClasspath,testCompileClasspath,testRuntimeClasspath
org.apache.ant:ant:1.10.11=compileClasspath,integTestCompileClasspath,integTestRuntimeClasspath,runtimeClasspath,testCompileClasspath,testRuntimeClasspath
org.apache.commons:commons-compress:1.21=compileClasspath,integTestCompileClasspath,integTestRuntimeClasspath,runtimeClasspath,testCompileClasspath,testRuntimeClasspath
org.apache.commons:commons-lang3:3.9=compileClasspath,integTestCompileClasspath,integTestRuntimeClasspath,runtimeClasspath,testCompileClasspath,testRuntimeClasspath
org.apiguardian:apiguardian-api:1.1.0=integTestCompileClasspath,integTestRuntimeClasspath,testCompileClasspath,testRuntimeClasspath
org.bouncycastle:bcpg-jdk15on:1.62=compileClasspath,integTestCompileClasspath,integTestRuntimeClasspath,runtimeClasspath,testCompileClasspath,testRuntimeClasspath
org.bouncycastle:bcprov-jdk15on:1.62=compileClasspath,integTestCompileClasspath,integTestRuntimeClasspath,runtimeClasspath,testCompileClasspath,testRuntimeClasspath
org.codehaus.groovy:groovy:3.0.6=integTestCompileClasspath,integTestRuntimeClasspath,testCompileClasspath,testRuntimeClasspath
org.hamcrest:hamcrest-core:1.3=integTestCompileClasspath,integTestRuntimeClasspath,testCompileClasspath,testRuntimeClasspath
org.hamcrest:hamcrest:2.2=integTestCompileClasspath,integTestRuntimeClasspath,testCompileClasspath,testRuntimeClasspath
org.junit.platform:junit-platform-commons:1.7.0=integTestCompileClasspath,integTestRuntimeClasspath,testCompileClasspath,testRuntimeClasspath
org.junit.platform:junit-platform-engine:1.7.0=integTestCompileClasspath,integTestRuntimeClasspath,testCompileClasspath,testRuntimeClasspath
org.objenesis:objenesis:2.4=integTestRuntimeClasspath,testRuntimeClasspath
org.opentest4j:opentest4j:1.2.0=integTestCompileClasspath,integTestRuntimeClasspath,testCompileClasspath,testRuntimeClasspath
org.redline-rpm:redline:1.2.10=compileClasspath,integTestCompileClasspath,integTestRuntimeClasspath,runtimeClasspath,testCompileClasspath,testRuntimeClasspath
org.slf4j:slf4j-api:1.7.5=compileClasspath,integTestCompileClasspath,integTestRuntimeClasspath,runtimeClasspath,testCompileClasspath,testRuntimeClasspath
org.spockframework:spock-core:2.0-M4-groovy-3.0=integTestCompileClasspath,integTestRuntimeClasspath,testCompileClasspath,testRuntimeClasspath
org.spockframework:spock-junit4:2.0-M4-groovy-3.0=integTestCompileClasspath,integTestRuntimeClasspath,testCompileClasspath,testRuntimeClasspath
org.tukaani:xz:1.8=compileClasspath,integTestCompileClasspath,integTestRuntimeClasspath,runtimeClasspath,testCompileClasspath,testRuntimeClasspath
org.vafer:jdeb:1.8=compileClasspath,integTestCompileClasspath,integTestRuntimeClasspath,runtimeClasspath,testCompileClasspath,testRuntimeClasspath
empty=annotationProcessor,integTestAnnotationProcessor,testAnnotationProcessor
